
Microsoft Visual Studio Solution File, Format Version 12.00
# Visual Studio Version 17
VisualStudioVersion = 17.5.33424.131
MinimumVisualStudioVersion = 10.0.40219.1
Project("{9A19103F-16F7-4668-BE54-9A1E7A4F7556}") = "QuickSurvey", "QuickSurvey\QuickSurvey.csproj", "{5ED6AD13-889D-4CC1-8D53-0BC3DC729042}"
EndProject
Global
	GlobalSection(SolutionConfigurationPlatforms) = preSolution
		Debug|Any CPU = Debug|Any CPU
		Release|Any CPU = Release|Any CPU
	EndGlobalSection
	GlobalSection(ProjectConfigurationPlatforms) = postSolution
		{5ED6AD13-889D-4CC1-8D53-0BC3DC729042}.Debug|Any CPU.ActiveCfg = Debug|Any CPU
		{5ED6AD13-889D-4CC1-8D53-0BC3DC729042}.Debug|Any CPU.Build.0 = Debug|Any CPU
		{5ED6AD13-889D-4CC1-8D53-0BC3DC729042}.Release|Any CPU.ActiveCfg = Release|Any CPU
		{5ED6AD13-889D-4CC1-8D53-0BC3DC729042}.Release|Any CPU.Build.0 = Release|Any CPU
	EndGlobalSection
	GlobalSection(SolutionProperties) = preSolution
		HideSolutionNode = FALSE
	EndGlobalSection
	GlobalSection(ExtensibilityGlobals) = postSolution
		SolutionGuid = {5C8546C1-DDD2-4312-91C6-FD8DD852684F}
	EndGlobalSection
EndGlobal
